
Microsoft Visual Studio Solution File, Format Version 12.00
# Visual Studio 15
VisualStudioVersion = 15.0.27703.2047
MinimumVisualStudioVersion = 10.0.40219.1
Project("{8BC9CEB8-8B4A-11D0-8D11-00A0C91BC942}") = "base64_en_un_cide", "base64_en_un_cide\base64_en_un_cide.vcxproj", "{0859F60E-67F9-4720-B17A-4E5E642D2A91}"
EndProject
Global
	GlobalSection(SolutionConfigurationPlatforms) = preSolution
		Debug|x64 = Debug|x64
		Debug|x86 = Debug|x86
		Release|x64 = Release|x64
		Release|x86 = Release|x86
	EndGlobalSection
	GlobalSection(ProjectConfigurationPlatforms) = postSolution
		{0859F60E-67F9-4720-B17A-4E5E642D2A91}.Debug|x64.ActiveCfg = Debug|x64
		{0859F60E-67F9-4720-B17A-4E5E642D2A91}.Debug|x64.Build.0 = Debug|x64
		{0859F60E-67F9-4720-B17A-4E5E642D2A91}.Debug|x86.ActiveCfg = Debug|Win32
		{0859F60E-67F9-4720-B17A-4E5E642D2A91}.Debug|x86.Build.0 = Debug|Win32
		{0859F60E-67F9-4720-B17A-4E5E642D2A91}.Release|x64.ActiveCfg = Release|x64
		{0859F60E-67F9-4720-B17A-4E5E642D2A91}.Release|x64.Build.0 = Release|x64
		{0859F60E-67F9-4720-B17A-4E5E642D2A91}.Release|x86.ActiveCfg = Release|Win32
		{0859F60E-67F9-4720-B17A-4E5E642D2A91}.Release|x86.Build.0 = Release|Win32
	EndGlobalSection
	GlobalSection(SolutionProperties) = preSolution
		HideSolutionNode = FALSE
	EndGlobalSection
	GlobalSection(ExtensibilityGlobals) = postSolution
		SolutionGuid = {C995D0F4-64E5-4DE0-9395-0E2FFF5E287B}
	EndGlobalSection
EndGlobal
